
Microsoft Visual Studio Solution File, Format Version 12.00
# Visual Studio Version 16
VisualStudioVersion = 16.0.28922.388
MinimumVisualStudioVersion = 10.0.40219.1
Project("{FAE04EC0-301F-11D3-BF4B-00C04F79EFBC}") = "Lands.Android", "Lands\Lands.Android\Lands.Android.csproj", "{368CCE03-69EC-4EAD-BBEE-D523DA77D4C8}"
EndProject
Project("{9A19103F-16F7-4668-BE54-9A1E7A4F7556}") = "Lands", "Lands\Lands\Lands.csproj", "{057EA860-B333-46A9-BBB8-5F0CA4E04EAB}"
EndProject
Global
	GlobalSection(SolutionConfigurationPlatforms) = preSolution
		Debug|Any CPU = Debug|Any CPU
		Debug|iPhone = Debug|iPhone
		Debug|iPhoneSimulator = Debug|iPhoneSimulator
		Release|Any CPU = Release|Any CPU
		Release|iPhone = Release|iPhone
		Release|iPhoneSimulator = Release|iPhoneSimulator
	EndGlobalSection
	GlobalSection(ProjectConfigurationPlatforms) = postSolution
		{368CCE03-69EC-4EAD-BBEE-D523DA77D4C8}.Debug|Any CPU.ActiveCfg = Debug|Any CPU
		{368CCE03-69EC-4EAD-BBEE-D523DA77D4C8}.Debug|Any CPU.Build.0 = Debug|Any CPU
		{368CCE03-69EC-4EAD-BBEE-D523DA77D4C8}.Debug|Any CPU.Deploy.0 = Debug|Any CPU
		{368CCE03-69EC-4EAD-BBEE-D523DA77D4C8}.Debug|iPhone.ActiveCfg = Debug|Any CPU
		{368CCE03-69EC-4EAD-BBEE-D523DA77D4C8}.Debug|iPhone.Build.0 = Debug|Any CPU
		{368CCE03-69EC-4EAD-BBEE-D523DA77D4C8}.Debug|iPhone.Deploy.0 = Debug|Any CPU
		{368CCE03-69EC-4EAD-BBEE-D523DA77D4C8}.Debug|iPhoneSimulator.ActiveCfg = Debug|Any CPU
		{368CCE03-69EC-4EAD-BBEE-D523DA77D4C8}.Debug|iPhoneSimulator.Build.0 = Debug|Any CPU
		{368CCE03-69EC-4EAD-BBEE-D523DA77D4C8}.Debug|iPhoneSimulator.Deploy.0 = Debug|Any CPU
		{368CCE03-69EC-4EAD-BBEE-D523DA77D4C8}.Release|Any CPU.ActiveCfg = Release|Any CPU
		{368CCE03-69EC-4EAD-BBEE-D523DA77D4C8}.Release|Any CPU.Build.0 = Release|Any CPU
		{368CCE03-69EC-4EAD-BBEE-D523DA77D4C8}.Release|Any CPU.Deploy.0 = Release|Any CPU
		{368CCE03-69EC-4EAD-BBEE-D523DA77D4C8}.Release|iPhone.ActiveCfg = Release|Any CPU
		{368CCE03-69EC-4EAD-BBEE-D523DA77D4C8}.Release|iPhone.Build.0 = Release|Any CPU
		{368CCE03-69EC-4EAD-BBEE-D523DA77D4C8}.Release|iPhone.Deploy.0 = Release|Any CPU
		{368CCE03-69EC-4EAD-BBEE-D523DA77D4C8}.Release|iPhoneSimulator.ActiveCfg = Release|Any CPU
		{368CCE03-69EC-4EAD-BBEE-D523DA77D4C8}.Release|iPhoneSimulator.Build.0 = Release|Any CPU
		{368CCE03-69EC-4EAD-BBEE-D523DA77D4C8}.Release|iPhoneSimulator.Deploy.0 = Release|Any CPU
		{057EA860-B333-46A9-BBB8-5F0CA4E04EAB}.Debug|Any CPU.ActiveCfg = Debug|Any CPU
		{057EA860-B333-46A9-BBB8-5F0CA4E04EAB}.Debug|Any CPU.Build.0 = Debug|Any CPU
		{057EA860-B333-46A9-BBB8-5F0CA4E04EAB}.Debug|Any CPU.Deploy.0 = Debug|Any CPU
		{057EA860-B333-46A9-BBB8-5F0CA4E04EAB}.Debug|iPhone.ActiveCfg = Debug|Any CPU
		{057EA860-B333-46A9-BBB8-5F0CA4E04EAB}.Debug|iPhone.Build.0 = Debug|Any CPU
		{057EA860-B333-46A9-BBB8-5F0CA4E04EAB}.Debug|iPhone.Deploy.0 = Debug|Any CPU
		{057EA860-B333-46A9-BBB8-5F0CA4E04EAB}.Debug|iPhoneSimulator.ActiveCfg = Debug|Any CPU
		{057EA860-B333-46A9-BBB8-5F0CA4E04EAB}.Debug|iPhoneSimulator.Build.0 = Debug|Any CPU
		{057EA860-B333-46A9-BBB8-5F0CA4E04EAB}.Debug|iPhoneSimulator.Deploy.0 = Debug|Any CPU
		{057EA860-B333-46A9-BBB8-5F0CA4E04EAB}.Release|Any CPU.ActiveCfg = Release|Any CPU
		{057EA860-B333-46A9-BBB8-5F0CA4E04EAB}.Release|Any CPU.Build.0 = Release|Any CPU
		{057EA860-B333-46A9-BBB8-5F0CA4E04EAB}.Release|Any CPU.Deploy.0 = Release|Any CPU
		{057EA860-B333-46A9-BBB8-5F0CA4E04EAB}.Release|iPhone.ActiveCfg = Release|Any CPU
		{057EA860-B333-46A9-BBB8-5F0CA4E04EAB}.Release|iPhone.Build.0 = Release|Any CPU
		{057EA860-B333-46A9-BBB8-5F0CA4E04EAB}.Release|iPhone.Deploy.0 = Release|Any CPU
		{057EA860-B333-46A9-BBB8-5F0CA4E04EAB}.Release|iPhoneSimulator.ActiveCfg = Release|Any CPU
		{057EA860-B333-46A9-BBB8-5F0CA4E04EAB}.Release|iPhoneSimulator.Build.0 = Release|Any CPU
		{057EA860-B333-46A9-BBB8-5F0CA4E04EAB}.Release|iPhoneSimulator.Deploy.0 = Release|Any CPU
	EndGlobalSection
	GlobalSection(SolutionProperties) = preSolution
		HideSolutionNode = FALSE
	EndGlobalSection
	GlobalSection(ExtensibilityGlobals) = postSolution
		SolutionGuid = {B51BAA28-FC7A-478A-8F89-46FF2B0227B1}
	EndGlobalSection
EndGlobal
