
Microsoft Visual Studio Solution File, Format Version 12.00
# Visual Studio Version 16
VisualStudioVersion = 16.0.29728.190
MinimumVisualStudioVersion = 10.0.40219.1
Project("{FAE04EC0-301F-11D3-BF4B-00C04F79EFBC}") = "PruebasUi2.Android", "PruebasUi2\PruebasUi2.Android\PruebasUi2.Android.csproj", "{CBA3446D-14EC-42C5-8EF1-58745551E4C1}"
EndProject
Project("{FAE04EC0-301F-11D3-BF4B-00C04F79EFBC}") = "PruebasUi2.iOS", "PruebasUi2\PruebasUi2.iOS\PruebasUi2.iOS.csproj", "{A9486FCF-6ED2-4F4C-91A9-595ED6AB5B98}"
EndProject
Project("{9A19103F-16F7-4668-BE54-9A1E7A4F7556}") = "PruebasUi2", "PruebasUi2\PruebasUi2\PruebasUi2.csproj", "{0AAF06C4-DC3F-4822-873C-4E5CF0EA0820}"
EndProject
Global
	GlobalSection(SolutionConfigurationPlatforms) = preSolution
		Debug|Any CPU = Debug|Any CPU
		Debug|iPhone = Debug|iPhone
		Debug|iPhoneSimulator = Debug|iPhoneSimulator
		Release|Any CPU = Release|Any CPU
		Release|iPhone = Release|iPhone
		Release|iPhoneSimulator = Release|iPhoneSimulator
	EndGlobalSection
	GlobalSection(ProjectConfigurationPlatforms) = postSolution
		{CBA3446D-14EC-42C5-8EF1-58745551E4C1}.Debug|Any CPU.ActiveCfg = Debug|Any CPU
		{CBA3446D-14EC-42C5-8EF1-58745551E4C1}.Debug|Any CPU.Build.0 = Debug|Any CPU
		{CBA3446D-14EC-42C5-8EF1-58745551E4C1}.Debug|Any CPU.Deploy.0 = Debug|Any CPU
		{CBA3446D-14EC-42C5-8EF1-58745551E4C1}.Debug|iPhone.ActiveCfg = Debug|Any CPU
		{CBA3446D-14EC-42C5-8EF1-58745551E4C1}.Debug|iPhone.Build.0 = Debug|Any CPU
		{CBA3446D-14EC-42C5-8EF1-58745551E4C1}.Debug|iPhone.Deploy.0 = Debug|Any CPU
		{CBA3446D-14EC-42C5-8EF1-58745551E4C1}.Debug|iPhoneSimulator.ActiveCfg = Debug|Any CPU
		{CBA3446D-14EC-42C5-8EF1-58745551E4C1}.Debug|iPhoneSimulator.Build.0 = Debug|Any CPU
		{CBA3446D-14EC-42C5-8EF1-58745551E4C1}.Debug|iPhoneSimulator.Deploy.0 = Debug|Any CPU
		{CBA3446D-14EC-42C5-8EF1-58745551E4C1}.Release|Any CPU.ActiveCfg = Release|Any CPU
		{CBA3446D-14EC-42C5-8EF1-58745551E4C1}.Release|Any CPU.Build.0 = Release|Any CPU
		{CBA3446D-14EC-42C5-8EF1-58745551E4C1}.Release|Any CPU.Deploy.0 = Release|Any CPU
		{CBA3446D-14EC-42C5-8EF1-58745551E4C1}.Release|iPhone.ActiveCfg = Release|Any CPU
		{CBA3446D-14EC-42C5-8EF1-58745551E4C1}.Release|iPhone.Build.0 = Release|Any CPU
		{CBA3446D-14EC-42C5-8EF1-58745551E4C1}.Release|iPhone.Deploy.0 = Release|Any CPU
		{CBA3446D-14EC-42C5-8EF1-58745551E4C1}.Release|iPhoneSimulator.ActiveCfg = Release|Any CPU
		{CBA3446D-14EC-42C5-8EF1-58745551E4C1}.Release|iPhoneSimulator.Build.0 = Release|Any CPU
		{CBA3446D-14EC-42C5-8EF1-58745551E4C1}.Release|iPhoneSimulator.Deploy.0 = Release|Any CPU
		{A9486FCF-6ED2-4F4C-91A9-595ED6AB5B98}.Debug|Any CPU.ActiveCfg = Debug|iPhoneSimulator
		{A9486FCF-6ED2-4F4C-91A9-595ED6AB5B98}.Debug|Any CPU.Build.0 = Debug|iPhoneSimulator
		{A9486FCF-6ED2-4F4C-91A9-595ED6AB5B98}.Debug|Any CPU.Deploy.0 = Debug|iPhoneSimulator
		{A9486FCF-6ED2-4F4C-91A9-595ED6AB5B98}.Debug|iPhone.ActiveCfg = Debug|iPhone
		{A9486FCF-6ED2-4F4C-91A9-595ED6AB5B98}.Debug|iPhone.Build.0 = Debug|iPhone
		{A9486FCF-6ED2-4F4C-91A9-595ED6AB5B98}.Debug|iPhone.Deploy.0 = Debug|iPhone
		{A9486FCF-6ED2-4F4C-91A9-595ED6AB5B98}.Debug|iPhoneSimulator.ActiveCfg = Debug|iPhoneSimulator
		{A9486FCF-6ED2-4F4C-91A9-595ED6AB5B98}.Debug|iPhoneSimulator.Build.0 = Debug|iPhoneSimulator
		{A9486FCF-6ED2-4F4C-91A9-595ED6AB5B98}.Debug|iPhoneSimulator.Deploy.0 = Debug|iPhoneSimulator
		{A9486FCF-6ED2-4F4C-91A9-595ED6AB5B98}.Release|Any CPU.ActiveCfg = Release|iPhone
		{A9486FCF-6ED2-4F4C-91A9-595ED6AB5B98}.Release|Any CPU.Build.0 = Release|iPhone
		{A9486FCF-6ED2-4F4C-91A9-595ED6AB5B98}.Release|Any CPU.Deploy.0 = Release|iPhone
		{A9486FCF-6ED2-4F4C-91A9-595ED6AB5B98}.Release|iPhone.ActiveCfg = Release|iPhone
		{A9486FCF-6ED2-4F4C-91A9-595ED6AB5B98}.Release|iPhone.Build.0 = Release|iPhone
		{A9486FCF-6ED2-4F4C-91A9-595ED6AB5B98}.Release|iPhone.Deploy.0 = Release|iPhone
		{A9486FCF-6ED2-4F4C-91A9-595ED6AB5B98}.Release|iPhoneSimulator.ActiveCfg = Release|iPhoneSimulator
		{A9486FCF-6ED2-4F4C-91A9-595ED6AB5B98}.Release|iPhoneSimulator.Build.0 = Release|iPhoneSimulator
		{A9486FCF-6ED2-4F4C-91A9-595ED6AB5B98}.Release|iPhoneSimulator.Deploy.0 = Release|iPhoneSimulator
		{0AAF06C4-DC3F-4822-873C-4E5CF0EA0820}.Debug|Any CPU.ActiveCfg = Debug|Any CPU
		{0AAF06C4-DC3F-4822-873C-4E5CF0EA0820}.Debug|Any CPU.Build.0 = Debug|Any CPU
		{0AAF06C4-DC3F-4822-873C-4E5CF0EA0820}.Debug|Any CPU.Deploy.0 = Debug|Any CPU
		{0AAF06C4-DC3F-4822-873C-4E5CF0EA0820}.Debug|iPhone.ActiveCfg = Debug|Any CPU
		{0AAF06C4-DC3F-4822-873C-4E5CF0EA0820}.Debug|iPhone.Build.0 = Debug|Any CPU
		{0AAF06C4-DC3F-4822-873C-4E5CF0EA0820}.Debug|iPhone.Deploy.0 = Debug|Any CPU
		{0AAF06C4-DC3F-4822-873C-4E5CF0EA0820}.Debug|iPhoneSimulator.ActiveCfg = Debug|Any CPU
		{0AAF06C4-DC3F-4822-873C-4E5CF0EA0820}.Debug|iPhoneSimulator.Build.0 = Debug|Any CPU
		{0AAF06C4-DC3F-4822-873C-4E5CF0EA0820}.Debug|iPhoneSimulator.Deploy.0 = Debug|Any CPU
		{0AAF06C4-DC3F-4822-873C-4E5CF0EA0820}.Release|Any CPU.ActiveCfg = Release|Any CPU
		{0AAF06C4-DC3F-4822-873C-4E5CF0EA0820}.Release|Any CPU.Build.0 = Release|Any CPU
		{0AAF06C4-DC3F-4822-873C-4E5CF0EA0820}.Release|Any CPU.Deploy.0 = Release|Any CPU
		{0AAF06C4-DC3F-4822-873C-4E5CF0EA0820}.Release|iPhone.ActiveCfg = Release|Any CPU
		{0AAF06C4-DC3F-4822-873C-4E5CF0EA0820}.Release|iPhone.Build.0 = Release|Any CPU
		{0AAF06C4-DC3F-4822-873C-4E5CF0EA0820}.Release|iPhone.Deploy.0 = Release|Any CPU
		{0AAF06C4-DC3F-4822-873C-4E5CF0EA0820}.Release|iPhoneSimulator.ActiveCfg = Release|Any CPU
		{0AAF06C4-DC3F-4822-873C-4E5CF0EA0820}.Release|iPhoneSimulator.Build.0 = Release|Any CPU
		{0AAF06C4-DC3F-4822-873C-4E5CF0EA0820}.Release|iPhoneSimulator.Deploy.0 = Release|Any CPU
	EndGlobalSection
	GlobalSection(SolutionProperties) = preSolution
		HideSolutionNode = FALSE
	EndGlobalSection
	GlobalSection(ExtensibilityGlobals) = postSolution
		SolutionGuid = {3F642A5B-F074-48E5-BCBB-D8EBE71C5368}
	EndGlobalSection
EndGlobal
