
Microsoft Visual Studio Solution File, Format Version 12.00
# Visual Studio Version 16
VisualStudioVersion = 16.0.30907.101
MinimumVisualStudioVersion = 10.0.40219.1
Project("{2150E333-8FDC-42A3-9474-1A3956D46DE8}") = "Client", "Client", "{57C59B04-AE20-4D32-AA5F-F61332BBFAED}"
EndProject
Project("{2150E333-8FDC-42A3-9474-1A3956D46DE8}") = "Package", "Package", "{B24F776A-9E0F-45CF-B883-B5A0D4ADED37}"
EndProject
Project("{FAE04EC0-301F-11D3-BF4B-00C04F79EFBC}") = "AgoraVideoCall.Android", "AgoraVideoCall\AgoraVideoCall.Android\AgoraVideoCall.Android.csproj", "{49810409-E386-4768-BDAF-0EA786E4FADF}"
EndProject
Project("{FAE04EC0-301F-11D3-BF4B-00C04F79EFBC}") = "AgoraVideoCall", "AgoraVideoCall\AgoraVideoCall\AgoraVideoCall.csproj", "{EDAFE668-E323-4583-BD66-488A9697CA49}"
EndProject
Project("{FAE04EC0-301F-11D3-BF4B-00C04F79EFBC}") = "Xamarin.Agora.Full.Forms", "Xamarin.Agora.Full.Forms\Xamarin.Agora.Full.Forms.csproj", "{9E2EF7C6-4D2E-4BDE-836E-458BC3961E82}"
EndProject
Global
	GlobalSection(SolutionConfigurationPlatforms) = preSolution
		Debug|Any CPU = Debug|Any CPU
		Release|Any CPU = Release|Any CPU
	EndGlobalSection
	GlobalSection(ProjectConfigurationPlatforms) = postSolution
		{49810409-E386-4768-BDAF-0EA786E4FADF}.Debug|Any CPU.ActiveCfg = Debug|Any CPU
		{49810409-E386-4768-BDAF-0EA786E4FADF}.Debug|Any CPU.Build.0 = Debug|Any CPU
		{49810409-E386-4768-BDAF-0EA786E4FADF}.Debug|Any CPU.Deploy.0 = Debug|Any CPU
		{49810409-E386-4768-BDAF-0EA786E4FADF}.Release|Any CPU.ActiveCfg = Release|Any CPU
		{49810409-E386-4768-BDAF-0EA786E4FADF}.Release|Any CPU.Build.0 = Release|Any CPU
		{49810409-E386-4768-BDAF-0EA786E4FADF}.Release|Any CPU.Deploy.0 = Release|Any CPU
		{EDAFE668-E323-4583-BD66-488A9697CA49}.Debug|Any CPU.ActiveCfg = Debug|Any CPU
		{EDAFE668-E323-4583-BD66-488A9697CA49}.Debug|Any CPU.Build.0 = Debug|Any CPU
		{EDAFE668-E323-4583-BD66-488A9697CA49}.Release|Any CPU.ActiveCfg = Release|Any CPU
		{EDAFE668-E323-4583-BD66-488A9697CA49}.Release|Any CPU.Build.0 = Release|Any CPU
		{9E2EF7C6-4D2E-4BDE-836E-458BC3961E82}.Debug|Any CPU.ActiveCfg = Debug|Any CPU
		{9E2EF7C6-4D2E-4BDE-836E-458BC3961E82}.Debug|Any CPU.Build.0 = Debug|Any CPU
		{9E2EF7C6-4D2E-4BDE-836E-458BC3961E82}.Release|Any CPU.ActiveCfg = Release|Any CPU
		{9E2EF7C6-4D2E-4BDE-836E-458BC3961E82}.Release|Any CPU.Build.0 = Release|Any CPU
	EndGlobalSection
	GlobalSection(SolutionProperties) = preSolution
		HideSolutionNode = FALSE
	EndGlobalSection
	GlobalSection(NestedProjects) = preSolution
		{49810409-E386-4768-BDAF-0EA786E4FADF} = {57C59B04-AE20-4D32-AA5F-F61332BBFAED}
		{EDAFE668-E323-4583-BD66-488A9697CA49} = {57C59B04-AE20-4D32-AA5F-F61332BBFAED}
		{9E2EF7C6-4D2E-4BDE-836E-458BC3961E82} = {B24F776A-9E0F-45CF-B883-B5A0D4ADED37}
	EndGlobalSection
	GlobalSection(ExtensibilityGlobals) = postSolution
		SolutionGuid = {F4361C19-24A9-409E-88E2-A5F48779E2BE}
	EndGlobalSection
EndGlobal
