
Microsoft Visual Studio Solution File, Format Version 12.00
# Visual Studio Version 16
VisualStudioVersion = 16.0.29728.190
MinimumVisualStudioVersion = 10.0.40219.1
Project("{FAE04EC0-301F-11D3-BF4B-00C04F79EFBC}") = "FlexboxApp.Android", "FlexboxApp.Android\FlexboxApp.Android.csproj", "{FE902FFB-80F3-4D22-B74B-0C7B76C3DC26}"
EndProject
Project("{9A19103F-16F7-4668-BE54-9A1E7A4F7556}") = "FlexboxApp", "FlexboxApp\FlexboxApp.csproj", "{E187A209-1529-4C4A-A381-D6ECE91BBD26}"
EndProject
Global
	GlobalSection(SolutionConfigurationPlatforms) = preSolution
		Debug|Any CPU = Debug|Any CPU
		Debug|iPhone = Debug|iPhone
		Debug|iPhoneSimulator = Debug|iPhoneSimulator
		Release|Any CPU = Release|Any CPU
		Release|iPhone = Release|iPhone
		Release|iPhoneSimulator = Release|iPhoneSimulator
	EndGlobalSection
	GlobalSection(ProjectConfigurationPlatforms) = postSolution
		{FE902FFB-80F3-4D22-B74B-0C7B76C3DC26}.Debug|Any CPU.ActiveCfg = Debug|Any CPU
		{FE902FFB-80F3-4D22-B74B-0C7B76C3DC26}.Debug|Any CPU.Build.0 = Debug|Any CPU
		{FE902FFB-80F3-4D22-B74B-0C7B76C3DC26}.Debug|Any CPU.Deploy.0 = Debug|Any CPU
		{FE902FFB-80F3-4D22-B74B-0C7B76C3DC26}.Debug|iPhone.ActiveCfg = Debug|Any CPU
		{FE902FFB-80F3-4D22-B74B-0C7B76C3DC26}.Debug|iPhone.Build.0 = Debug|Any CPU
		{FE902FFB-80F3-4D22-B74B-0C7B76C3DC26}.Debug|iPhone.Deploy.0 = Debug|Any CPU
		{FE902FFB-80F3-4D22-B74B-0C7B76C3DC26}.Debug|iPhoneSimulator.ActiveCfg = Debug|Any CPU
		{FE902FFB-80F3-4D22-B74B-0C7B76C3DC26}.Debug|iPhoneSimulator.Build.0 = Debug|Any CPU
		{FE902FFB-80F3-4D22-B74B-0C7B76C3DC26}.Debug|iPhoneSimulator.Deploy.0 = Debug|Any CPU
		{FE902FFB-80F3-4D22-B74B-0C7B76C3DC26}.Release|Any CPU.ActiveCfg = Release|Any CPU
		{FE902FFB-80F3-4D22-B74B-0C7B76C3DC26}.Release|Any CPU.Build.0 = Release|Any CPU
		{FE902FFB-80F3-4D22-B74B-0C7B76C3DC26}.Release|Any CPU.Deploy.0 = Release|Any CPU
		{FE902FFB-80F3-4D22-B74B-0C7B76C3DC26}.Release|iPhone.ActiveCfg = Release|Any CPU
		{FE902FFB-80F3-4D22-B74B-0C7B76C3DC26}.Release|iPhone.Build.0 = Release|Any CPU
		{FE902FFB-80F3-4D22-B74B-0C7B76C3DC26}.Release|iPhone.Deploy.0 = Release|Any CPU
		{FE902FFB-80F3-4D22-B74B-0C7B76C3DC26}.Release|iPhoneSimulator.ActiveCfg = Release|Any CPU
		{FE902FFB-80F3-4D22-B74B-0C7B76C3DC26}.Release|iPhoneSimulator.Build.0 = Release|Any CPU
		{FE902FFB-80F3-4D22-B74B-0C7B76C3DC26}.Release|iPhoneSimulator.Deploy.0 = Release|Any CPU
		{E187A209-1529-4C4A-A381-D6ECE91BBD26}.Debug|Any CPU.ActiveCfg = Debug|Any CPU
		{E187A209-1529-4C4A-A381-D6ECE91BBD26}.Debug|Any CPU.Build.0 = Debug|Any CPU
		{E187A209-1529-4C4A-A381-D6ECE91BBD26}.Debug|Any CPU.Deploy.0 = Debug|Any CPU
		{E187A209-1529-4C4A-A381-D6ECE91BBD26}.Debug|iPhone.ActiveCfg = Debug|Any CPU
		{E187A209-1529-4C4A-A381-D6ECE91BBD26}.Debug|iPhone.Build.0 = Debug|Any CPU
		{E187A209-1529-4C4A-A381-D6ECE91BBD26}.Debug|iPhone.Deploy.0 = Debug|Any CPU
		{E187A209-1529-4C4A-A381-D6ECE91BBD26}.Debug|iPhoneSimulator.ActiveCfg = Debug|Any CPU
		{E187A209-1529-4C4A-A381-D6ECE91BBD26}.Debug|iPhoneSimulator.Build.0 = Debug|Any CPU
		{E187A209-1529-4C4A-A381-D6ECE91BBD26}.Debug|iPhoneSimulator.Deploy.0 = Debug|Any CPU
		{E187A209-1529-4C4A-A381-D6ECE91BBD26}.Release|Any CPU.ActiveCfg = Release|Any CPU
		{E187A209-1529-4C4A-A381-D6ECE91BBD26}.Release|Any CPU.Build.0 = Release|Any CPU
		{E187A209-1529-4C4A-A381-D6ECE91BBD26}.Release|Any CPU.Deploy.0 = Release|Any CPU
		{E187A209-1529-4C4A-A381-D6ECE91BBD26}.Release|iPhone.ActiveCfg = Release|Any CPU
		{E187A209-1529-4C4A-A381-D6ECE91BBD26}.Release|iPhone.Build.0 = Release|Any CPU
		{E187A209-1529-4C4A-A381-D6ECE91BBD26}.Release|iPhone.Deploy.0 = Release|Any CPU
		{E187A209-1529-4C4A-A381-D6ECE91BBD26}.Release|iPhoneSimulator.ActiveCfg = Release|Any CPU
		{E187A209-1529-4C4A-A381-D6ECE91BBD26}.Release|iPhoneSimulator.Build.0 = Release|Any CPU
		{E187A209-1529-4C4A-A381-D6ECE91BBD26}.Release|iPhoneSimulator.Deploy.0 = Release|Any CPU
	EndGlobalSection
	GlobalSection(SolutionProperties) = preSolution
		HideSolutionNode = FALSE
	EndGlobalSection
	GlobalSection(ExtensibilityGlobals) = postSolution
		SolutionGuid = {0A7AEDF3-3E9A-4986-8C33-77E8E8C28255}
	EndGlobalSection
EndGlobal
