
Microsoft Visual Studio Solution File, Format Version 12.00
# Visual Studio Version 16
VisualStudioVersion = 16.0.30621.155
MinimumVisualStudioVersion = 10.0.40219.1
Project("{FAE04EC0-301F-11D3-BF4B-00C04F79EFBC}") = "ShimmerApp.Android", "ShimmerApp.Android\ShimmerApp.Android.csproj", "{97B8C701-1030-4065-A44D-68565FA548C7}"
EndProject
Project("{FAE04EC0-301F-11D3-BF4B-00C04F79EFBC}") = "ShimmerApp", "ShimmerApp\ShimmerApp.csproj", "{0B6F5006-412C-4ABB-AE07-69B358C41E76}"
EndProject
Global
	GlobalSection(SolutionConfigurationPlatforms) = preSolution
		Debug|Any CPU = Debug|Any CPU
		Release|Any CPU = Release|Any CPU
	EndGlobalSection
	GlobalSection(ProjectConfigurationPlatforms) = postSolution
		{97B8C701-1030-4065-A44D-68565FA548C7}.Debug|Any CPU.ActiveCfg = Debug|Any CPU
		{97B8C701-1030-4065-A44D-68565FA548C7}.Debug|Any CPU.Build.0 = Debug|Any CPU
		{97B8C701-1030-4065-A44D-68565FA548C7}.Debug|Any CPU.Deploy.0 = Debug|Any CPU
		{97B8C701-1030-4065-A44D-68565FA548C7}.Release|Any CPU.ActiveCfg = Release|Any CPU
		{97B8C701-1030-4065-A44D-68565FA548C7}.Release|Any CPU.Build.0 = Release|Any CPU
		{97B8C701-1030-4065-A44D-68565FA548C7}.Release|Any CPU.Deploy.0 = Release|Any CPU
		{0B6F5006-412C-4ABB-AE07-69B358C41E76}.Debug|Any CPU.ActiveCfg = Debug|Any CPU
		{0B6F5006-412C-4ABB-AE07-69B358C41E76}.Debug|Any CPU.Build.0 = Debug|Any CPU
		{0B6F5006-412C-4ABB-AE07-69B358C41E76}.Debug|Any CPU.Deploy.0 = Debug|Any CPU
		{0B6F5006-412C-4ABB-AE07-69B358C41E76}.Release|Any CPU.ActiveCfg = Release|Any CPU
		{0B6F5006-412C-4ABB-AE07-69B358C41E76}.Release|Any CPU.Build.0 = Release|Any CPU
		{0B6F5006-412C-4ABB-AE07-69B358C41E76}.Release|Any CPU.Deploy.0 = Release|Any CPU
	EndGlobalSection
	GlobalSection(SolutionProperties) = preSolution
		HideSolutionNode = FALSE
	EndGlobalSection
	GlobalSection(ExtensibilityGlobals) = postSolution
		SolutionGuid = {1BE859E4-4E09-4BBE-800C-9B2BACA0090C}
	EndGlobalSection
EndGlobal
